
Microsoft Visual Studio Solution File, Format Version 12.00
# Visual Studio Version 17
VisualStudioVersion = 17.11.35327.3
MinimumVisualStudioVersion = 10.0.40219.1
Project("{8BC9CEB8-8B4A-11D0-8D11-00A0C91BC942}") = "#3,48 show all client", "#3,48 show all client\#3,48 show all client.vcxproj", "{7EDF1C6E-8028-44FF-963C-4E9AEFD68D60}"
EndProject
Global
	GlobalSection(SolutionConfigurationPlatforms) = preSolution
		Debug|x64 = Debug|x64
		Debug|x86 = Debug|x86
		Release|x64 = Release|x64
		Release|x86 = Release|x86
	EndGlobalSection
	GlobalSection(ProjectConfigurationPlatforms) = postSolution
		{7EDF1C6E-8028-44FF-963C-4E9AEFD68D60}.Debug|x64.ActiveCfg = Debug|x64
		{7EDF1C6E-8028-44FF-963C-4E9AEFD68D60}.Debug|x64.Build.0 = Debug|x64
		{7EDF1C6E-8028-44FF-963C-4E9AEFD68D60}.Debug|x86.ActiveCfg = Debug|Win32
		{7EDF1C6E-8028-44FF-963C-4E9AEFD68D60}.Debug|x86.Build.0 = Debug|Win32
		{7EDF1C6E-8028-44FF-963C-4E9AEFD68D60}.Release|x64.ActiveCfg = Release|x64
		{7EDF1C6E-8028-44FF-963C-4E9AEFD68D60}.Release|x64.Build.0 = Release|x64
		{7EDF1C6E-8028-44FF-963C-4E9AEFD68D60}.Release|x86.ActiveCfg = Release|Win32
		{7EDF1C6E-8028-44FF-963C-4E9AEFD68D60}.Release|x86.Build.0 = Release|Win32
	EndGlobalSection
	GlobalSection(SolutionProperties) = preSolution
		HideSolutionNode = FALSE
	EndGlobalSection
	GlobalSection(ExtensibilityGlobals) = postSolution
		SolutionGuid = {586FF35C-42CD-450F-A253-1A54BB762F00}
	EndGlobalSection
EndGlobal
