
Microsoft Visual Studio Solution File, Format Version 12.00
# Visual Studio Version 17
VisualStudioVersion = 17.11.35327.3
MinimumVisualStudioVersion = 10.0.40219.1
Project("{8BC9CEB8-8B4A-11D0-8D11-00A0C91BC942}") = "ATM System project", "ATM System project\ATM System project.vcxproj", "{01447273-EB3A-45B0-A35A-5B0D994F604A}"
EndProject
Global
	GlobalSection(SolutionConfigurationPlatforms) = preSolution
		Debug|x64 = Debug|x64
		Debug|x86 = Debug|x86
		Release|x64 = Release|x64
		Release|x86 = Release|x86
	EndGlobalSection
	GlobalSection(ProjectConfigurationPlatforms) = postSolution
		{01447273-EB3A-45B0-A35A-5B0D994F604A}.Debug|x64.ActiveCfg = Debug|x64
		{01447273-EB3A-45B0-A35A-5B0D994F604A}.Debug|x64.Build.0 = Debug|x64
		{01447273-EB3A-45B0-A35A-5B0D994F604A}.Debug|x86.ActiveCfg = Debug|Win32
		{01447273-EB3A-45B0-A35A-5B0D994F604A}.Debug|x86.Build.0 = Debug|Win32
		{01447273-EB3A-45B0-A35A-5B0D994F604A}.Release|x64.ActiveCfg = Release|x64
		{01447273-EB3A-45B0-A35A-5B0D994F604A}.Release|x64.Build.0 = Release|x64
		{01447273-EB3A-45B0-A35A-5B0D994F604A}.Release|x86.ActiveCfg = Release|Win32
		{01447273-EB3A-45B0-A35A-5B0D994F604A}.Release|x86.Build.0 = Release|Win32
	EndGlobalSection
	GlobalSection(SolutionProperties) = preSolution
		HideSolutionNode = FALSE
	EndGlobalSection
	GlobalSection(ExtensibilityGlobals) = postSolution
		SolutionGuid = {A7CB3E5A-7C8F-467F-8B71-1B15CC5CDABB}
	EndGlobalSection
EndGlobal
