
Microsoft Visual Studio Solution File, Format Version 12.00
# Visual Studio Version 17
VisualStudioVersion = 17.11.35327.3
MinimumVisualStudioVersion = 10.0.40219.1
Project("{8BC9CEB8-8B4A-11D0-8D11-00A0C91BC942}") = "#4,5 Number of day hours minutes second in a month", "#4,5 Number of day hours minutes second in a month\#4,5 Number of day hours minutes second in a month.vcxproj", "{85C04D59-2FCC-4FD4-B4BE-0CC4799758C8}"
EndProject
Global
	GlobalSection(SolutionConfigurationPlatforms) = preSolution
		Debug|x64 = Debug|x64
		Debug|x86 = Debug|x86
		Release|x64 = Release|x64
		Release|x86 = Release|x86
	EndGlobalSection
	GlobalSection(ProjectConfigurationPlatforms) = postSolution
		{85C04D59-2FCC-4FD4-B4BE-0CC4799758C8}.Debug|x64.ActiveCfg = Debug|x64
		{85C04D59-2FCC-4FD4-B4BE-0CC4799758C8}.Debug|x64.Build.0 = Debug|x64
		{85C04D59-2FCC-4FD4-B4BE-0CC4799758C8}.Debug|x86.ActiveCfg = Debug|Win32
		{85C04D59-2FCC-4FD4-B4BE-0CC4799758C8}.Debug|x86.Build.0 = Debug|Win32
		{85C04D59-2FCC-4FD4-B4BE-0CC4799758C8}.Release|x64.ActiveCfg = Release|x64
		{85C04D59-2FCC-4FD4-B4BE-0CC4799758C8}.Release|x64.Build.0 = Release|x64
		{85C04D59-2FCC-4FD4-B4BE-0CC4799758C8}.Release|x86.ActiveCfg = Release|Win32
		{85C04D59-2FCC-4FD4-B4BE-0CC4799758C8}.Release|x86.Build.0 = Release|Win32
	EndGlobalSection
	GlobalSection(SolutionProperties) = preSolution
		HideSolutionNode = FALSE
	EndGlobalSection
	GlobalSection(ExtensibilityGlobals) = postSolution
		SolutionGuid = {B11F808C-0C5C-4EB6-A1A6-2960AE23DF94}
	EndGlobalSection
EndGlobal
